
Microsoft Visual Studio Solution File, Format Version 12.00
# Visual Studio 15
VisualStudioVersion = 15.0.28307.489
MinimumVisualStudioVersion = 10.0.40219.1
Project("{FAE04EC0-301F-11D3-BF4B-00C04F79EFBC}") = "TeddyXport", "TeddyXport.csproj", "{FE55F79F-1DA3-4590-AB1C-566826B0D1BA}"
EndProject
Global
	GlobalSection(SolutionConfigurationPlatforms) = preSolution
		Debug|Any CPU = Debug|Any CPU
		Release|Any CPU = Release|Any CPU
	EndGlobalSection
	GlobalSection(ProjectConfigurationPlatforms) = postSolution
		{FE55F79F-1DA3-4590-AB1C-566826B0D1BA}.Debug|Any CPU.ActiveCfg = Debug|Any CPU
		{FE55F79F-1DA3-4590-AB1C-566826B0D1BA}.Debug|Any CPU.Build.0 = Debug|Any CPU
		{FE55F79F-1DA3-4590-AB1C-566826B0D1BA}.Release|Any CPU.ActiveCfg = Release|Any CPU
		{FE55F79F-1DA3-4590-AB1C-566826B0D1BA}.Release|Any CPU.Build.0 = Release|Any CPU
	EndGlobalSection
	GlobalSection(SolutionProperties) = preSolution
		HideSolutionNode = FALSE
	EndGlobalSection
	GlobalSection(ExtensibilityGlobals) = postSolution
		SolutionGuid = {74B6CA2B-9855-4841-9D31-F282848CAB31}
	EndGlobalSection
EndGlobal
